<?xml version="1.0" encoding="utf-8"?>
<Project ToolsVersion="4.0" xmlns="http://schemas.microsoft.com/developer/msbuild/2003">
  <ItemGroup>
    <ClInclude Include="compiler\expression.h" />
    <ClInclude Include="compiler\matcher.h" />
    <ClInclude Include="compiler\parser.h" />
    <ClInclude Include="compiler\tokenizer.h" />
  </ItemGroup>
  <ItemGroup>
    <ClCompile Include="compiler\Composer.cpp" />
    <ClCompile Include="compiler\parser.cpp" />
    <ClCompile Include="compiler\tokenizer.cpp" />
  </ItemGroup>
</Project>